
Microsoft Visual Studio Solution File, Format Version 12.00
# Visual Studio Version 16
VisualStudioVersion = 16.0.29509.3
MinimumVisualStudioVersion = 10.0.40219.1
Project("{FAE04EC0-301F-11D3-BF4B-00C04F79EFBC}") = "Union-find Algorithms", "Union-find Algorithms\Union-find Algorithms.csproj", "{4157F61F-0D94-4FD0-B298-5F0866EFAED5}"
EndProject
Global
	GlobalSection(SolutionConfigurationPlatforms) = preSolution
		Debug|Any CPU = Debug|Any CPU
		Release|Any CPU = Release|Any CPU
	EndGlobalSection
	GlobalSection(ProjectConfigurationPlatforms) = postSolution
		{4157F61F-0D94-4FD0-B298-5F0866EFAED5}.Debug|Any CPU.ActiveCfg = Debug|Any CPU
		{4157F61F-0D94-4FD0-B298-5F0866EFAED5}.Debug|Any CPU.Build.0 = Debug|Any CPU
		{4157F61F-0D94-4FD0-B298-5F0866EFAED5}.Release|Any CPU.ActiveCfg = Release|Any CPU
		{4157F61F-0D94-4FD0-B298-5F0866EFAED5}.Release|Any CPU.Build.0 = Release|Any CPU
	EndGlobalSection
	GlobalSection(SolutionProperties) = preSolution
		HideSolutionNode = FALSE
	EndGlobalSection
	GlobalSection(ExtensibilityGlobals) = postSolution
		SolutionGuid = {A8BBC020-4C85-4CE9-BE66-8621BE36C049}
	EndGlobalSection
EndGlobal
